// !$*UTF8*$!
{
	archiveVersion = 1;
	classes = {
	};
	objectVersion = 46;
	objects = {

/* Begin PBXBuildFile section */
		AC4C6F1E1CEEA2E5005C5500 /* TimeLineTableViewController.swift in Sources */ = {isa = PBXBuildFile; fileRef = AC4C6F1D1CEEA2E5005C5500 /* TimeLineTableViewController.swift */; };
		AC4C6F201CEEAA42005C5500 /* Status.swift in Sources */ = {isa = PBXBuildFile; fileRef = AC4C6F1F1CEEAA42005C5500 /* Status.swift */; };
		AC4C6F241CF2CD76005C5500 /* DetailViewController.swift in Sources */ = {isa = PBXBuildFile; fileRef = AC4C6F231CF2CD76005C5500 /* DetailViewController.swift */; };
		AC4C6F261CF2DF0E005C5500 /* WebViewController.swift in Sources */ = {isa = PBXBuildFile; fileRef = AC4C6F251CF2DF0E005C5500 /* WebViewController.swift */; };
		AC4C6F2A1CF2E106005C5500 /* MyUIApplication.swift in Sources */ = {isa = PBXBuildFile; fileRef = AC4C6F291CF2E106005C5500 /* MyUIApplication.swift */; };
		AC4C6F2C1CF2E2AE005C5500 /* main.swift in Sources */ = {isa = PBXBuildFile; fileRef = AC4C6F2B1CF2E2AE005C5500 /* main.swift */; };
		AC6260B71CF6D99300B5A2D2 /* blank.png in Resources */ = {isa = PBXBuildFile; fileRef = AC6260B61CF6D99300B5A2D2 /* blank.png */; };
		AC6260B91CF7F97F00B5A2D2 /* blank1.png in Resources */ = {isa = PBXBuildFile; fileRef = AC6260B81CF7F97F00B5A2D2 /* blank1.png */; };
		AC6260BB1CF8167300B5A2D2 /* ReplyViewController.swift in Sources */ = {isa = PBXBuildFile; fileRef = AC6260BA1CF8167300B5A2D2 /* ReplyViewController.swift */; };
		AC6260BD1CF85E0F00B5A2D2 /* FavoritesTableTableViewController.swift in Sources */ = {isa = PBXBuildFile; fileRef = AC6260BC1CF85E0F00B5A2D2 /* FavoritesTableTableViewController.swift */; };
		ACF2BA691CE9907C00EC5864 /* TweetSheetViewController.swift in Sources */ = {isa = PBXBuildFile; fileRef = ACF2BA681CE9907C00EC5864 /* TweetSheetViewController.swift */; };
		ACF791301CD7204600098AC1 /* AppDelegate.swift in Sources */ = {isa = PBXBuildFile; fileRef = ACF7912F1CD7204600098AC1 /* AppDelegate.swift */; };
		ACF791321CD7204600098AC1 /* ViewController.swift in Sources */ = {isa = PBXBuildFile; fileRef = ACF791311CD7204600098AC1 /* ViewController.swift */; };
		ACF791351CD7204600098AC1 /* Main.storyboard in Resources */ = {isa = PBXBuildFile; fileRef = ACF791331CD7204600098AC1 /* Main.storyboard */; };
		ACF791371CD7204600098AC1 /* Assets.xcassets in Resources */ = {isa = PBXBuildFile; fileRef = ACF791361CD7204600098AC1 /* Assets.xcassets */; };
		ACF7913A1CD7204600098AC1 /* LaunchScreen.storyboard in Resources */ = {isa = PBXBuildFile; fileRef = ACF791381CD7204600098AC1 /* LaunchScreen.storyboard */; };
		ACF791451CD7204600098AC1 /* TwitterClient02Tests.swift in Sources */ = {isa = PBXBuildFile; fileRef = ACF791441CD7204600098AC1 /* TwitterClient02Tests.swift */; };
		ACF791501CD7204600098AC1 /* TwitterClient02UITests.swift in Sources */ = {isa = PBXBuildFile; fileRef = ACF7914F1CD7204600098AC1 /* TwitterClient02UITests.swift */; };
		ACF7915E1CD7325800098AC1 /* TimeLineCell.swift in Sources */ = {isa = PBXBuildFile; fileRef = ACF7915D1CD7325800098AC1 /* TimeLineCell.swift */; };
/* End PBXBuildFile section */

/* Begin PBXContainerItemProxy section */
		ACF791411CD7204600098AC1 /* PBXContainerItemProxy */ = {
			isa = PBXContainerItemProxy;
			containerPortal = ACF791241CD7204600098AC1 /* Project object */;
			proxyType = 1;
			remoteGlobalIDString = ACF7912B1CD7204600098AC1;
			remoteInfo = TwitterClient02;
		};
		ACF7914C1CD7204600098AC1 /* PBXContainerItemProxy */ = {
			isa = PBXContainerItemProxy;
			containerPortal = ACF791241CD7204600098AC1 /* Project object */;
			proxyType = 1;
			remoteGlobalIDString = ACF7912B1CD7204600098AC1;
			remoteInfo = TwitterClient02;
		};
/* End PBXContainerItemProxy section */

/* Begin PBXFileReference section */
		AC4C6F1D1CEEA2E5005C5500 /* TimeLineTableViewController.swift */ = {isa = PBXFileReference; fileEncoding = 4; lastKnownFileType = sourcecode.swift; path = TimeLineTableViewController.swift; sourceTree = "<group>"; };
		AC4C6F1F1CEEAA42005C5500 /* Status.swift */ = {isa = PBXFileReference; fileEncoding = 4; lastKnownFileType = sourcecode.swift; path = Status.swift; sourceTree = "<group>"; };
		AC4C6F231CF2CD76005C5500 /* DetailViewController.swift */ = {isa = PBXFileReference; fileEncoding = 4; lastKnownFileType = sourcecode.swift; path = DetailViewController.swift; sourceTree = "<group>"; };
		AC4C6F251CF2DF0E005C5500 /* WebViewController.swift */ = {isa = PBXFileReference; fileEncoding = 4; lastKnownFileType = sourcecode.swift; path = WebViewController.swift; sourceTree = "<group>"; };
		AC4C6F291CF2E106005C5500 /* MyUIApplication.swift */ = {isa = PBXFileReference; fileEncoding = 4; lastKnownFileType = sourcecode.swift; path = MyUIApplication.swift; sourceTree = "<group>"; };
		AC4C6F2B1CF2E2AE005C5500 /* main.swift */ = {isa = PBXFileReference; fileEncoding = 4; lastKnownFileType = sourcecode.swift; path = main.swift; sourceTree = "<group>"; };
		AC6260B61CF6D99300B5A2D2 /* blank.png */ = {isa = PBXFileReference; lastKnownFileType = image.png; name = blank.png; path = ../../../../Desktop/blank.png; sourceTree = "<group>"; };
		AC6260B81CF7F97F00B5A2D2 /* blank1.png */ = {isa = PBXFileReference; lastKnownFileType = image.png; name = blank1.png; path = ../../../../Desktop/blank1.png; sourceTree = "<group>"; };
		AC6260BA1CF8167300B5A2D2 /* ReplyViewController.swift */ = {isa = PBXFileReference; fileEncoding = 4; lastKnownFileType = sourcecode.swift; path = ReplyViewController.swift; sourceTree = "<group>"; };
		AC6260BC1CF85E0F00B5A2D2 /* FavoritesTableTableViewController.swift */ = {isa = PBXFileReference; fileEncoding = 4; lastKnownFileType = sourcecode.swift; path = FavoritesTableTableViewController.swift; sourceTree = "<group>"; };
		ACF2BA681CE9907C00EC5864 /* TweetSheetViewController.swift */ = {isa = PBXFileReference; fileEncoding = 4; lastKnownFileType = sourcecode.swift; path = TweetSheetViewController.swift; sourceTree = "<group>"; };
		ACF7912C1CD7204600098AC1 /* TwitterClient02.app */ = {isa = PBXFileReference; explicitFileType = wrapper.application; includeInIndex = 0; path = TwitterClient02.app; sourceTree = BUILT_PRODUCTS_DIR; };
		ACF7912F1CD7204600098AC1 /* AppDelegate.swift */ = {isa = PBXFileReference; lastKnownFileType = sourcecode.swift; path = AppDelegate.swift; sourceTree = "<group>"; };
		ACF791311CD7204600098AC1 /* ViewController.swift */ = {isa = PBXFileReference; lastKnownFileType = sourcecode.swift; path = ViewController.swift; sourceTree = "<group>"; };
		ACF791341CD7204600098AC1 /* Base */ = {isa = PBXFileReference; lastKnownFileType = file.storyboard; name = Base; path = Base.lproj/Main.storyboard; sourceTree = "<group>"; };
		ACF791361CD7204600098AC1 /* Assets.xcassets */ = {isa = PBXFileReference; lastKnownFileType = folder.assetcatalog; path = Assets.xcassets; sourceTree = "<group>"; };
		ACF791391CD7204600098AC1 /* Base */ = {isa = PBXFileReference; lastKnownFileType = file.storyboard; name = Base; path = Base.lproj/LaunchScreen.storyboard; sourceTree = "<group>"; };
		ACF7913B1CD7204600098AC1 /* Info.plist */ = {isa = PBXFileReference; lastKnownFileType = text.plist.xml; path = Info.plist; sourceTree = "<group>"; };
		ACF791401CD7204600098AC1 /* TwitterClient02Tests.xctest */ = {isa = PBXFileReference; explicitFileType = wrapper.cfbundle; includeInIndex = 0; path = TwitterClient02Tests.xctest; sourceTree = BUILT_PRODUCTS_DIR; };
		ACF791441CD7204600098AC1 /* TwitterClient02Tests.swift */ = {isa = PBXFileReference; lastKnownFileType = sourcecode.swift; path = TwitterClient02Tests.swift; sourceTree = "<group>"; };
		ACF791461CD7204600098AC1 /* Info.plist */ = {isa = PBXFileReference; lastKnownFileType = text.plist.xml; path = Info.plist; sourceTree = "<group>"; };
		ACF7914B1CD7204600098AC1 /* TwitterClient02UITests.xctest */ = {isa = PBXFileReference; explicitFileType = wrapper.cfbundle; includeInIndex = 0; path = TwitterClient02UITests.xctest; sourceTree = BUILT_PRODUCTS_DIR; };
		ACF7914F1CD7204600098AC1 /* TwitterClient02UITests.swift */ = {isa = PBXFileReference; lastKnownFileType = sourcecode.swift; path = TwitterClient02UITests.swift; sourceTree = "<group>"; };
		ACF791511CD7204600098AC1 /* Info.plist */ = {isa = PBXFileReference; lastKnownFileType = text.plist.xml; path = Info.plist; sourceTree = "<group>"; };
		ACF7915D1CD7325800098AC1 /* TimeLineCell.swift */ = {isa = PBXFileReference; fileEncoding = 4; lastKnownFileType = sourcecode.swift; path = TimeLineCell.swift; sourceTree = "<group>"; };
/* End PBXFileReference section */

/* Begin PBXFrameworksBuildPhase section */
		ACF791291CD7204600098AC1 /* Frameworks */ = {
			isa = PBXFrameworksBuildPhase;
			buildActionMask = 2147483647;
			files = (
			);
			runOnlyForDeploymentPostprocessing = 0;
		};
		ACF7913D1CD7204600098AC1 /* Frameworks */ = {
			isa = PBXFrameworksBuildPhase;
			buildActionMask = 2147483647;
			files = (
			);
			runOnlyForDeploymentPostprocessing = 0;
		};
		ACF791481CD7204600098AC1 /* Frameworks */ = {
			isa = PBXFrameworksBuildPhase;
			buildActionMask = 2147483647;
			files = (
			);
			runOnlyForDeploymentPostprocessing = 0;
		};
/* End PBXFrameworksBuildPhase section */

/* Begin PBXGroup section */
		ACF791231CD7204600098AC1 = {
			isa = PBXGroup;
			children = (
				ACF7912E1CD7204600098AC1 /* TwitterClient02 */,
				ACF791431CD7204600098AC1 /* TwitterClient02Tests */,
				ACF7914E1CD7204600098AC1 /* TwitterClient02UITests */,
				ACF7912D1CD7204600098AC1 /* Products */,
			);
			sourceTree = "<group>";
		};
		ACF7912D1CD7204600098AC1 /* Products */ = {
			isa = PBXGroup;
			children = (
				ACF7912C1CD7204600098AC1 /* TwitterClient02.app */,
				ACF791401CD7204600098AC1 /* TwitterClient02Tests.xctest */,
				ACF7914B1CD7204600098AC1 /* TwitterClient02UITests.xctest */,
			);
			name = Products;
			sourceTree = "<group>";
		};
		ACF7912E1CD7204600098AC1 /* TwitterClient02 */ = {
			isa = PBXGroup;
			children = (
				AC6260B81CF7F97F00B5A2D2 /* blank1.png */,
				AC6260B61CF6D99300B5A2D2 /* blank.png */,
				ACF7912F1CD7204600098AC1 /* AppDelegate.swift */,
				ACF791311CD7204600098AC1 /* ViewController.swift */,
				ACF791331CD7204600098AC1 /* Main.storyboard */,
				ACF791361CD7204600098AC1 /* Assets.xcassets */,
				ACF791381CD7204600098AC1 /* LaunchScreen.storyboard */,
				ACF7913B1CD7204600098AC1 /* Info.plist */,
				ACF7915D1CD7325800098AC1 /* TimeLineCell.swift */,
				ACF2BA681CE9907C00EC5864 /* TweetSheetViewController.swift */,
				AC4C6F1D1CEEA2E5005C5500 /* TimeLineTableViewController.swift */,
				AC4C6F1F1CEEAA42005C5500 /* Status.swift */,
				AC4C6F231CF2CD76005C5500 /* DetailViewController.swift */,
				AC4C6F251CF2DF0E005C5500 /* WebViewController.swift */,
				AC4C6F291CF2E106005C5500 /* MyUIApplication.swift */,
				AC4C6F2B1CF2E2AE005C5500 /* main.swift */,
				AC6260BA1CF8167300B5A2D2 /* ReplyViewController.swift */,
				AC6260BC1CF85E0F00B5A2D2 /* FavoritesTableTableViewController.swift */,
			);
			path = TwitterClient02;
			sourceTree = "<group>";
		};
		ACF791431CD7204600098AC1 /* TwitterClient02Tests */ = {
			isa = PBXGroup;
			children = (
				ACF791441CD7204600098AC1 /* TwitterClient02Tests.swift */,
				ACF791461CD7204600098AC1 /* Info.plist */,
			);
			path = TwitterClient02Tests;
			sourceTree = "<group>";
		};
		ACF7914E1CD7204600098AC1 /* TwitterClient02UITests */ = {
			isa = PBXGroup;
			children = (
				ACF7914F1CD7204600098AC1 /* TwitterClient02UITests.swift */,
				ACF791511CD7204600098AC1 /* Info.plist */,
			);
			path = TwitterClient02UITests;
			sourceTree = "<group>";
		};
/* End PBXGroup section */

/* Begin PBXNativeTarget section */
		ACF7912B1CD7204600098AC1 /* TwitterClient02 */ = {
			isa = PBXNativeTarget;
			buildConfigurationList = ACF791541CD7204600098AC1 /* Build configuration list for PBXNativeTarget "TwitterClient02" */;
			buildPhases = (
				ACF791281CD7204600098AC1 /* Sources */,
				ACF791291CD7204600098AC1 /* Frameworks */,
				ACF7912A1CD7204600098AC1 /* Resources */,
			);
			buildRules = (
			);
			dependencies = (
			);
			name = TwitterClient02;
			productName = TwitterClient02;
			productReference = ACF7912C1CD7204600098AC1 /* TwitterClient02.app */;
			productType = "com.apple.product-type.application";
		};
		ACF7913F1CD7204600098AC1 /* TwitterClient02Tests */ = {
			isa = PBXNativeTarget;
			buildConfigurationList = ACF791571CD7204600098AC1 /* Build configuration list for PBXNativeTarget "TwitterClient02Tests" */;
			buildPhases = (
				ACF7913C1CD7204600098AC1 /* Sources */,
				ACF7913D1CD7204600098AC1 /* Frameworks */,
				ACF7913E1CD7204600098AC1 /* Resources */,
			);
			buildRules = (
			);
			dependencies = (
				ACF791421CD7204600098AC1 /* PBXTargetDependency */,
			);
			name = TwitterClient02Tests;
			productName = TwitterClient02Tests;
			productReference = ACF791401CD7204600098AC1 /* TwitterClient02Tests.xctest */;
			productType = "com.apple.product-type.bundle.unit-test";
		};
		ACF7914A1CD7204600098AC1 /* TwitterClient02UITests */ = {
			isa = PBXNativeTarget;
			buildConfigurationList = ACF7915A1CD7204600098AC1 /* Build configuration list for PBXNativeTarget "TwitterClient02UITests" */;
			buildPhases = (
				ACF791471CD7204600098AC1 /* Sources */,
				ACF791481CD7204600098AC1 /* Frameworks */,
				ACF791491CD7204600098AC1 /* Resources */,
			);
			buildRules = (
			);
			dependencies = (
				ACF7914D1CD7204600098AC1 /* PBXTargetDependency */,
			);
			name = TwitterClient02UITests;
			productName = TwitterClient02UITests;
			productReference = ACF7914B1CD7204600098AC1 /* TwitterClient02UITests.xctest */;
			productType = "com.apple.product-type.bundle.ui-testing";
		};
/* End PBXNativeTarget section */

/* Begin PBXProject section */
		ACF791241CD7204600098AC1 /* Project object */ = {
			isa = PBXProject;
			attributes = {
				LastUpgradeCheck = 0700;
				ORGANIZATIONNAME = JEC;
				TargetAttributes = {
					ACF7912B1CD7204600098AC1 = {
						CreatedOnToolsVersion = 7.0.1;
						DevelopmentTeam = 85WED8P5NS;
					};
					ACF7913F1CD7204600098AC1 = {
						CreatedOnToolsVersion = 7.0.1;
						TestTargetID = ACF7912B1CD7204600098AC1;
					};
					ACF7914A1CD7204600098AC1 = {
						CreatedOnToolsVersion = 7.0.1;
						TestTargetID = ACF7912B1CD7204600098AC1;
					};
				};
			};
			buildConfigurationList = ACF791271CD7204600098AC1 /* Build configuration list for PBXProject "TwitterClient02" */;
			compatibilityVersion = "Xcode 3.2";
			developmentRegion = English;
			hasScannedForEncodings = 0;
			knownRegions = (
				en,
				Base,
			);
			mainGroup = ACF791231CD7204600098AC1;
			productRefGroup = ACF7912D1CD7204600098AC1 /* Products */;
			projectDirPath = "";
			projectRoot = "";
			targets = (
				ACF7912B1CD7204600098AC1 /* TwitterClient02 */,
				ACF7913F1CD7204600098AC1 /* TwitterClient02Tests */,
				ACF7914A1CD7204600098AC1 /* TwitterClient02UITests */,
			);
		};
/* End PBXProject section */

/* Begin PBXResourcesBuildPhase section */
		ACF7912A1CD7204600098AC1 /* Resources */ = {
			isa = PBXResourcesBuildPhase;
			buildActionMask = 2147483647;
			files = (
				AC6260B91CF7F97F00B5A2D2 /* blank1.png in Resources */,
				AC6260B71CF6D99300B5A2D2 /* blank.png in Resources */,
				ACF7913A1CD7204600098AC1 /* LaunchScreen.storyboard in Resources */,
				ACF791371CD7204600098AC1 /* Assets.xcassets in Resources */,
				ACF791351CD7204600098AC1 /* Main.storyboard in Resources */,
			);
			runOnlyForDeploymentPostprocessing = 0;
		};
		ACF7913E1CD7204600098AC1 /* Resources */ = {
			isa = PBXResourcesBuildPhase;
			buildActionMask = 2147483647;
			files = (
			);
			runOnlyForDeploymentPostprocessing = 0;
		};
		ACF791491CD7204600098AC1 /* Resources */ = {
			isa = PBXResourcesBuildPhase;
			buildActionMask = 2147483647;
			files = (
			);
			runOnlyForDeploymentPostprocessing = 0;
		};
/* End PBXResourcesBuildPhase section */

/* Begin PBXSourcesBuildPhase section */
		ACF791281CD7204600098AC1 /* Sources */ = {
			isa = PBXSourcesBuildPhase;
			buildActionMask = 2147483647;
			files = (
				AC4C6F1E1CEEA2E5005C5500 /* TimeLineTableViewController.swift in Sources */,
				ACF7915E1CD7325800098AC1 /* TimeLineCell.swift in Sources */,
				ACF791321CD7204600098AC1 /* ViewController.swift in Sources */,
				ACF2BA691CE9907C00EC5864 /* TweetSheetViewController.swift in Sources */,
				ACF791301CD7204600098AC1 /* AppDelegate.swift in Sources */,
				AC4C6F201CEEAA42005C5500 /* Status.swift in Sources */,
				AC4C6F2C1CF2E2AE005C5500 /* main.swift in Sources */,
				AC4C6F2A1CF2E106005C5500 /* MyUIApplication.swift in Sources */,
				AC6260BD1CF85E0F00B5A2D2 /* FavoritesTableTableViewController.swift in Sources */,
				AC4C6F241CF2CD76005C5500 /* DetailViewController.swift in Sources */,
				AC4C6F261CF2DF0E005C5500 /* WebViewController.swift in Sources */,
				AC6260BB1CF8167300B5A2D2 /* ReplyViewController.swift in Sources */,
			);
			runOnlyForDeploymentPostprocessing = 0;
		};
		ACF7913C1CD7204600098AC1 /* Sources */ = {
			isa = PBXSourcesBuildPhase;
			buildActionMask = 2147483647;
			files = (
				ACF791451CD7204600098AC1 /* TwitterClient02Tests.swift in Sources */,
			);
			runOnlyForDeploymentPostprocessing = 0;
		};
		ACF791471CD7204600098AC1 /* Sources */ = {
			isa = PBXSourcesBuildPhase;
			buildActionMask = 2147483647;
			files = (
				ACF791501CD7204600098AC1 /* TwitterClient02UITests.swift in Sources */,
			);
			runOnlyForDeploymentPostprocessing = 0;
		};
/* End PBXSourcesBuildPhase section */

/* Begin PBXTargetDependency section */
		ACF791421CD7204600098AC1 /* PBXTargetDependency */ = {
			isa = PBXTargetDependency;
			target = ACF7912B1CD7204600098AC1 /* TwitterClient02 */;
			targetProxy = ACF791411CD7204600098AC1 /* PBXContainerItemProxy */;
		};
		ACF7914D1CD7204600098AC1 /* PBXTargetDependency */ = {
			isa = PBXTargetDependency;
			target = ACF7912B1CD7204600098AC1 /* TwitterClient02 */;
			targetProxy = ACF7914C1CD7204600098AC1 /* PBXContainerItemProxy */;
		};
/* End PBXTargetDependency section */

/* Begin PBXVariantGroup section */
		ACF791331CD7204600098AC1 /* Main.storyboard */ = {
			isa = PBXVariantGroup;
			children = (
				ACF791341CD7204600098AC1 /* Base */,
			);
			name = Main.storyboard;
			sourceTree = "<group>";
		};
		ACF791381CD7204600098AC1 /* LaunchScreen.storyboard */ = {
			isa = PBXVariantGroup;
			children = (
				ACF791391CD7204600098AC1 /* Base */,
			);
			name = LaunchScreen.storyboard;
			sourceTree = "<group>";
		};
/* End PBXVariantGroup section */

/* Begin XCBuildConfiguration section */
		ACF791521CD7204600098AC1 /* Debug */ = {
			isa = XCBuildConfiguration;
			buildSettings = {
				ALWAYS_SEARCH_USER_PATHS = NO;
				CLANG_CXX_LANGUAGE_STANDARD = "gnu++0x";
				CLANG_CXX_LIBRARY = "libc++";
				CLANG_ENABLE_MODULES = YES;
				CLANG_ENABLE_OBJC_ARC = YES;
				CLANG_WARN_BOOL_CONVERSION = YES;
				CLANG_WARN_CONSTANT_CONVERSION = YES;
				CLANG_WARN_DIRECT_OBJC_ISA_USAGE = YES_ERROR;
				CLANG_WARN_EMPTY_BODY = YES;
				CLANG_WARN_ENUM_CONVERSION = YES;
				CLANG_WARN_INT_CONVERSION = YES;
				CLANG_WARN_OBJC_ROOT_CLASS = YES_ERROR;
				CLANG_WARN_UNREACHABLE_CODE = YES;
				CLANG_WARN__DUPLICATE_METHOD_MATCH = YES;
				"CODE_SIGN_IDENTITY[sdk=iphoneos*]" = "iPhone Developer";
				COPY_PHASE_STRIP = NO;
				DEBUG_INFORMATION_FORMAT = dwarf;
				ENABLE_STRICT_OBJC_MSGSEND = YES;
				ENABLE_TESTABILITY = YES;
				GCC_C_LANGUAGE_STANDARD = gnu99;
				GCC_DYNAMIC_NO_PIC = NO;
				GCC_NO_COMMON_BLOCKS = YES;
				GCC_OPTIMIZATION_LEVEL = 0;
				GCC_PREPROCESSOR_DEFINITIONS = (
					"DEBUG=1",
					"$(inherited)",
				);
				GCC_WARN_64_TO_32_BIT_CONVERSION = YES;
				GCC_WARN_ABOUT_RETURN_TYPE = YES_ERROR;
				GCC_WARN_UNDECLARED_SELECTOR = YES;
				GCC_WARN_UNINITIALIZED_AUTOS = YES_AGGRESSIVE;
				GCC_WARN_UNUSED_FUNCTION = YES;
				GCC_WARN_UNUSED_VARIABLE = YES;
				IPHONEOS_DEPLOYMENT_TARGET = 9.0;
				MTL_ENABLE_DEBUG_INFO = YES;
				ONLY_ACTIVE_ARCH = YES;
				SDKROOT = iphoneos;
				SWIFT_OPTIMIZATION_LEVEL = "-Onone";
				TARGETED_DEVICE_FAMILY = "1,2";
			};
			name = Debug;
		};
		ACF791531CD7204600098AC1 /* Release */ = {
			isa = XCBuildConfiguration;
			buildSettings = {
				ALWAYS_SEARCH_USER_PATHS = NO;
				CLANG_CXX_LANGUAGE_STANDARD = "gnu++0x";
				CLANG_CXX_LIBRARY = "libc++";
				CLANG_ENABLE_MODULES = YES;
				CLANG_ENABLE_OBJC_ARC = YES;
				CLANG_WARN_BOOL_CONVERSION = YES;
				CLANG_WARN_CONSTANT_CONVERSION = YES;
				CLANG_WARN_DIRECT_OBJC_ISA_USAGE = YES_ERROR;
				CLANG_WARN_EMPTY_BODY = YES;
				CLANG_WARN_ENUM_CONVERSION = YES;
				CLANG_WARN_INT_CONVERSION = YES;
				CLANG_WARN_OBJC_ROOT_CLASS = YES_ERROR;
				CLANG_WARN_UNREACHABLE_CODE = YES;
				CLANG_WARN__DUPLICATE_METHOD_MATCH = YES;
				"CODE_SIGN_IDENTITY[sdk=iphoneos*]" = "iPhone Developer";
				COPY_PHASE_STRIP = NO;
				DEBUG_INFORMATION_FORMAT = "dwarf-with-dsym";
				ENABLE_NS_ASSERTIONS = NO;
				ENABLE_STRICT_OBJC_MSGSEND = YES;
				GCC_C_LANGUAGE_STANDARD = gnu99;
				GCC_NO_COMMON_BLOCKS = YES;
				GCC_WARN_64_TO_32_BIT_CONVERSION = YES;
				GCC_WARN_ABOUT_RETURN_TYPE = YES_ERROR;
				GCC_WARN_UNDECLARED_SELECTOR = YES;
				GCC_WARN_UNINITIALIZED_AUTOS = YES_AGGRESSIVE;
				GCC_WARN_UNUSED_FUNCTION = YES;
				GCC_WARN_UNUSED_VARIABLE = YES;
				IPHONEOS_DEPLOYMENT_TARGET = 9.0;
				MTL_ENABLE_DEBUG_INFO = NO;
				SDKROOT = iphoneos;
				TARGETED_DEVICE_FAMILY = "1,2";
				VALIDATE_PRODUCT = YES;
			};
			name = Release;
		};
		ACF791551CD7204600098AC1 /* Debug */ = {
			isa = XCBuildConfiguration;
			buildSettings = {
				ASSETCATALOG_COMPILER_APPICON_NAME = AppIcon;
				CODE_SIGN_IDENTITY = "iPhone Developer";
				INFOPLIST_FILE = TwitterClient02/Info.plist;
				IPHONEOS_DEPLOYMENT_TARGET = 8.4;
				LD_RUNPATH_SEARCH_PATHS = "$(inherited) @executable_path/Frameworks";
				PRODUCT_BUNDLE_IDENTIFIER = "jp-ac-jec.TwitterClient02";
				PRODUCT_NAME = "$(TARGET_NAME)";
			};
			name = Debug;
		};
		ACF791561CD7204600098AC1 /* Release */ = {
			isa = XCBuildConfiguration;
			buildSettings = {
				ASSETCATALOG_COMPILER_APPICON_NAME = AppIcon;
				CODE_SIGN_IDENTITY = "iPhone Developer";
				INFOPLIST_FILE = TwitterClient02/Info.plist;
				IPHONEOS_DEPLOYMENT_TARGET = 8.4;
				LD_RUNPATH_SEARCH_PATHS = "$(inherited) @executable_path/Frameworks";
				PRODUCT_BUNDLE_IDENTIFIER = "jp-ac-jec.TwitterClient02";
				PRODUCT_NAME = "$(TARGET_NAME)";
			};
			name = Release;
		};
		ACF791581CD7204600098AC1 /* Debug */ = {
			isa = XCBuildConfiguration;
			buildSettings = {
				BUNDLE_LOADER = "$(TEST_HOST)";
				INFOPLIST_FILE = TwitterClient02Tests/Info.plist;
				LD_RUNPATH_SEARCH_PATHS = "$(inherited) @executable_path/Frameworks @loader_path/Frameworks";
				PRODUCT_BUNDLE_IDENTIFIER = "jp-ac-jec.TwitterClient02Tests";
				PRODUCT_NAME = "$(TARGET_NAME)";
				TEST_HOST = "$(BUILT_PRODUCTS_DIR)/TwitterClient02.app/TwitterClient02";
			};
			name = Debug;
		};
		ACF791591CD7204600098AC1 /* Release */ = {
			isa = XCBuildConfiguration;
			buildSettings = {
				BUNDLE_LOADER = "$(TEST_HOST)";
				INFOPLIST_FILE = TwitterClient02Tests/Info.plist;
				LD_RUNPATH_SEARCH_PATHS = "$(inherited) @executable_path/Frameworks @loader_path/Frameworks";
				PRODUCT_BUNDLE_IDENTIFIER = "jp-ac-jec.TwitterClient02Tests";
				PRODUCT_NAME = "$(TARGET_NAME)";
				TEST_HOST = "$(BUILT_PRODUCTS_DIR)/TwitterClient02.app/TwitterClient02";
			};
			name = Release;
		};
		ACF7915B1CD7204600098AC1 /* Debug */ = {
			isa = XCBuildConfiguration;
			buildSettings = {
				INFOPLIST_FILE = TwitterClient02UITests/Info.plist;
				LD_RUNPATH_SEARCH_PATHS = "$(inherited) @executable_path/Frameworks @loader_path/Frameworks";
				PRODUCT_BUNDLE_IDENTIFIER = "jp-ac-jec.TwitterClient02UITests";
				PRODUCT_NAME = "$(TARGET_NAME)";
				TEST_TARGET_NAME = TwitterClient02;
				USES_XCTRUNNER = YES;
			};
			name = Debug;
		};
		ACF7915C1CD7204600098AC1 /* Release */ = {
			isa = XCBuildConfiguration;
			buildSettings = {
				INFOPLIST_FILE = TwitterClient02UITests/Info.plist;
				LD_RUNPATH_SEARCH_PATHS = "$(inherited) @executable_path/Frameworks @loader_path/Frameworks";
				PRODUCT_BUNDLE_IDENTIFIER = "jp-ac-jec.TwitterClient02UITests";
				PRODUCT_NAME = "$(TARGET_NAME)";
				TEST_TARGET_NAME = TwitterClient02;
				USES_XCTRUNNER = YES;
			};
			name = Release;
		};
/* End XCBuildConfiguration section */

/* Begin XCConfigurationList section */
		ACF791271CD7204600098AC1 /* Build configuration list for PBXProject "TwitterClient02" */ = {
			isa = XCConfigurationList;
			buildConfigurations = (
				ACF791521CD7204600098AC1 /* Debug */,
				ACF791531CD7204600098AC1 /* Release */,
			);
			defaultConfigurationIsVisible = 0;
			defaultConfigurationName = Release;
		};
		ACF791541CD7204600098AC1 /* Build configuration list for PBXNativeTarget "TwitterClient02" */ = {
			isa = XCConfigurationList;
			buildConfigurations = (
				ACF791551CD7204600098AC1 /* Debug */,
				ACF791561CD7204600098AC1 /* Release */,
			);
			defaultConfigurationIsVisible = 0;
			defaultConfigurationName = Release;
		};
		ACF791571CD7204600098AC1 /* Build configuration list for PBXNativeTarget "TwitterClient02Tests" */ = {
			isa = XCConfigurationList;
			buildConfigurations = (
				ACF791581CD7204600098AC1 /* Debug */,
				ACF791591CD7204600098AC1 /* Release */,
			);
			defaultConfigurationIsVisible = 0;
			defaultConfigurationName = Release;
		};
		ACF7915A1CD7204600098AC1 /* Build configuration list for PBXNativeTarget "TwitterClient02UITests" */ = {
			isa = XCConfigurationList;
			buildConfigurations = (
				ACF7915B1CD7204600098AC1 /* Debug */,
				ACF7915C1CD7204600098AC1 /* Release */,
			);
			defaultConfigurationIsVisible = 0;
			defaultConfigurationName = Release;
		};
/* End XCConfigurationList section */
	};
	rootObject = ACF791241CD7204600098AC1 /* Project object */;
}
